
Microsoft Visual Studio Solution File, Format Version 12.00
# Visual Studio Version 16
VisualStudioVersion = 16.0.29519.87
MinimumVisualStudioVersion = 10.0.40219.1
Project("{8BC9CEB8-8B4A-11D0-8D11-00A0C91BC942}") = "Sandbox", "..\Sandbox\Sandbox.vcxproj", "{B07D5305-59E3-4962-B223-F4A535E87276}"
EndProject
Project("{8BC9CEB8-8B4A-11D0-8D11-00A0C91BC942}") = "Enigma", "Enigma.vcxproj", "{12E23EEB-A998-408A-8770-793386E7CAF4}"
EndProject
Global
	GlobalSection(SolutionConfigurationPlatforms) = preSolution
		Debug|x64 = Debug|x64
		Release|x64 = Release|x64
	EndGlobalSection
	GlobalSection(ProjectConfigurationPlatforms) = postSolution
		{12E23EEB-A998-408A-8770-793386E7CAF4}.Debug|x64.ActiveCfg = Debug|x64
		{12E23EEB-A998-408A-8770-793386E7CAF4}.Debug|x64.Build.0 = Debug|x64
		{12E23EEB-A998-408A-8770-793386E7CAF4}.Release|x64.ActiveCfg = Release|x64
		{12E23EEB-A998-408A-8770-793386E7CAF4}.Release|x64.Build.0 = Release|x64
		{B07D5305-59E3-4962-B223-F4A535E87276}.Debug|x64.ActiveCfg = Debug|x64
		{B07D5305-59E3-4962-B223-F4A535E87276}.Debug|x64.Build.0 = Debug|x64
		{B07D5305-59E3-4962-B223-F4A535E87276}.Release|x64.ActiveCfg = Release|x64
		{B07D5305-59E3-4962-B223-F4A535E87276}.Release|x64.Build.0 = Release|x64
	EndGlobalSection
	GlobalSection(SolutionProperties) = preSolution
		HideSolutionNode = FALSE
	EndGlobalSection
	GlobalSection(ExtensibilityGlobals) = postSolution
		SolutionGuid = {6BCD19C8-8F52-4B34-BEA5-260F4264AB42}
	EndGlobalSection
EndGlobal
